
Microsoft Visual Studio Solution File, Format Version 12.00
# Visual Studio Version 16
VisualStudioVersion = 16.0.31515.178
MinimumVisualStudioVersion = 10.0.40219.1
Project("{2150E333-8FDC-42A3-9474-1A3956D46DE8}") = "B1", "B1", "{E44B5502-AA00-4741-8A31-52DE8A78DDE6}"
EndProject
Project("{2150E333-8FDC-42A3-9474-1A3956D46DE8}") = "B2", "B2", "{7EF25358-DBCE-46CA-838D-22C2086E83A7}"
EndProject
Project("{2150E333-8FDC-42A3-9474-1A3956D46DE8}") = "B3", "B3", "{8B790476-2199-4A15-B3E3-02CA32A9EDBB}"
EndProject
Project("{2150E333-8FDC-42A3-9474-1A3956D46DE8}") = "B4", "B4", "{344C8E56-24C9-4989-A1EB-DA3AF068E1AE}"
EndProject
Project("{FAE04EC0-301F-11D3-BF4B-00C04F79EFBC}") = "ReferenceValueType", "ReferenceValueType\ReferenceValueType.csproj", "{90AAC416-EC39-40BE-A557-D96567D8B087}"
EndProject
Project("{FAE04EC0-301F-11D3-BF4B-00C04F79EFBC}") = "ArrayListSimple", "ArrayListSimple\ArrayListSimple.csproj", "{8B9155D4-2616-4061-A478-9EDFE7F287EA}"
EndProject
Project("{FAE04EC0-301F-11D3-BF4B-00C04F79EFBC}") = "ArrayListSimple.Test", "ArrayListSimple.Test\ArrayListSimple.Test.csproj", "{B23F0CB2-0ADC-44E5-90EA-1920A4945D3F}"
EndProject
Project("{FAE04EC0-301F-11D3-BF4B-00C04F79EFBC}") = "T1", "T1\T1.csproj", "{945FF3A0-8046-4DCA-95C8-3070CFD3008E}"
EndProject
Global
	GlobalSection(SolutionConfigurationPlatforms) = preSolution
		Debug|Any CPU = Debug|Any CPU
		Release|Any CPU = Release|Any CPU
	EndGlobalSection
	GlobalSection(ProjectConfigurationPlatforms) = postSolution
		{90AAC416-EC39-40BE-A557-D96567D8B087}.Debug|Any CPU.ActiveCfg = Debug|Any CPU
		{90AAC416-EC39-40BE-A557-D96567D8B087}.Debug|Any CPU.Build.0 = Debug|Any CPU
		{90AAC416-EC39-40BE-A557-D96567D8B087}.Release|Any CPU.ActiveCfg = Release|Any CPU
		{90AAC416-EC39-40BE-A557-D96567D8B087}.Release|Any CPU.Build.0 = Release|Any CPU
		{8B9155D4-2616-4061-A478-9EDFE7F287EA}.Debug|Any CPU.ActiveCfg = Debug|Any CPU
		{8B9155D4-2616-4061-A478-9EDFE7F287EA}.Debug|Any CPU.Build.0 = Debug|Any CPU
		{8B9155D4-2616-4061-A478-9EDFE7F287EA}.Release|Any CPU.ActiveCfg = Release|Any CPU
		{8B9155D4-2616-4061-A478-9EDFE7F287EA}.Release|Any CPU.Build.0 = Release|Any CPU
		{B23F0CB2-0ADC-44E5-90EA-1920A4945D3F}.Debug|Any CPU.ActiveCfg = Debug|Any CPU
		{B23F0CB2-0ADC-44E5-90EA-1920A4945D3F}.Debug|Any CPU.Build.0 = Debug|Any CPU
		{B23F0CB2-0ADC-44E5-90EA-1920A4945D3F}.Release|Any CPU.ActiveCfg = Release|Any CPU
		{B23F0CB2-0ADC-44E5-90EA-1920A4945D3F}.Release|Any CPU.Build.0 = Release|Any CPU
		{945FF3A0-8046-4DCA-95C8-3070CFD3008E}.Debug|Any CPU.ActiveCfg = Debug|Any CPU
		{945FF3A0-8046-4DCA-95C8-3070CFD3008E}.Debug|Any CPU.Build.0 = Debug|Any CPU
		{945FF3A0-8046-4DCA-95C8-3070CFD3008E}.Release|Any CPU.ActiveCfg = Release|Any CPU
		{945FF3A0-8046-4DCA-95C8-3070CFD3008E}.Release|Any CPU.Build.0 = Release|Any CPU
	EndGlobalSection
	GlobalSection(SolutionProperties) = preSolution
		HideSolutionNode = FALSE
	EndGlobalSection
	GlobalSection(NestedProjects) = preSolution
		{90AAC416-EC39-40BE-A557-D96567D8B087} = {E44B5502-AA00-4741-8A31-52DE8A78DDE6}
		{8B9155D4-2616-4061-A478-9EDFE7F287EA} = {E44B5502-AA00-4741-8A31-52DE8A78DDE6}
		{B23F0CB2-0ADC-44E5-90EA-1920A4945D3F} = {E44B5502-AA00-4741-8A31-52DE8A78DDE6}
		{945FF3A0-8046-4DCA-95C8-3070CFD3008E} = {7EF25358-DBCE-46CA-838D-22C2086E83A7}
	EndGlobalSection
	GlobalSection(ExtensibilityGlobals) = postSolution
		SolutionGuid = {85E5773E-E658-4769-8349-17BE2B03F928}
	EndGlobalSection
EndGlobal
